
Microsoft Visual Studio Solution File, Format Version 12.00
# Visual Studio Version 17
VisualStudioVersion = 17.3.32929.385
MinimumVisualStudioVersion = 10.0.40219.1
Project("{9A19103F-16F7-4668-BE54-9A1E7A4F7556}") = "Application", "Application\Application.csproj", "{8325DF7B-C558-476C-BB6E-5121BDBD0503}"
EndProject
Project("{9A19103F-16F7-4668-BE54-9A1E7A4F7556}") = "Domain", "Domain\Domain.csproj", "{54BC9AB9-421F-4F15-87E3-A40DC9ECE466}"
EndProject
Project("{9A19103F-16F7-4668-BE54-9A1E7A4F7556}") = "FileData", "FileData\FileData.csproj", "{77BB7E19-AEE9-4B3B-BAEC-753B976AE770}"
EndProject
Project("{9A19103F-16F7-4668-BE54-9A1E7A4F7556}") = "WebAPI", "WebAPI\WebAPI.csproj", "{51E4EE72-0C68-4D45-A8AA-ED61F93645A4}"
EndProject
Project("{9A19103F-16F7-4668-BE54-9A1E7A4F7556}") = "BlazorWASM", "BlazorWASM\BlazorWASM.csproj", "{EA4A04D7-B887-427C-B02F-C7802AA31DC8}"
EndProject
Project("{9A19103F-16F7-4668-BE54-9A1E7A4F7556}") = "HttpClients", "HttpClients\HttpClients.csproj", "{2976DD32-58F9-4E0E-A0FD-D7C651BE7F62}"
EndProject
Project("{FAE04EC0-301F-11D3-BF4B-00C04F79EFBC}") = "GrpcData", "GrpcData\GrpcData.csproj", "{326724C0-A910-4502-BA82-A829AD4EF98A}"
EndProject
Project("{FAE04EC0-301F-11D3-BF4B-00C04F79EFBC}") = "BlazorTest", "BlazorTest\BlazorTest.csproj", "{C7816334-E374-450A-BF7C-411862C4B162}"
EndProject
Global
	GlobalSection(SolutionConfigurationPlatforms) = preSolution
		Debug|Any CPU = Debug|Any CPU
		Release|Any CPU = Release|Any CPU
	EndGlobalSection
	GlobalSection(ProjectConfigurationPlatforms) = postSolution
		{8325DF7B-C558-476C-BB6E-5121BDBD0503}.Debug|Any CPU.ActiveCfg = Debug|Any CPU
		{8325DF7B-C558-476C-BB6E-5121BDBD0503}.Debug|Any CPU.Build.0 = Debug|Any CPU
		{8325DF7B-C558-476C-BB6E-5121BDBD0503}.Release|Any CPU.ActiveCfg = Release|Any CPU
		{8325DF7B-C558-476C-BB6E-5121BDBD0503}.Release|Any CPU.Build.0 = Release|Any CPU
		{54BC9AB9-421F-4F15-87E3-A40DC9ECE466}.Debug|Any CPU.ActiveCfg = Debug|Any CPU
		{54BC9AB9-421F-4F15-87E3-A40DC9ECE466}.Debug|Any CPU.Build.0 = Debug|Any CPU
		{54BC9AB9-421F-4F15-87E3-A40DC9ECE466}.Release|Any CPU.ActiveCfg = Release|Any CPU
		{54BC9AB9-421F-4F15-87E3-A40DC9ECE466}.Release|Any CPU.Build.0 = Release|Any CPU
		{77BB7E19-AEE9-4B3B-BAEC-753B976AE770}.Debug|Any CPU.ActiveCfg = Debug|Any CPU
		{77BB7E19-AEE9-4B3B-BAEC-753B976AE770}.Debug|Any CPU.Build.0 = Debug|Any CPU
		{77BB7E19-AEE9-4B3B-BAEC-753B976AE770}.Release|Any CPU.ActiveCfg = Release|Any CPU
		{77BB7E19-AEE9-4B3B-BAEC-753B976AE770}.Release|Any CPU.Build.0 = Release|Any CPU
		{51E4EE72-0C68-4D45-A8AA-ED61F93645A4}.Debug|Any CPU.ActiveCfg = Debug|Any CPU
		{51E4EE72-0C68-4D45-A8AA-ED61F93645A4}.Debug|Any CPU.Build.0 = Debug|Any CPU
		{51E4EE72-0C68-4D45-A8AA-ED61F93645A4}.Release|Any CPU.ActiveCfg = Release|Any CPU
		{51E4EE72-0C68-4D45-A8AA-ED61F93645A4}.Release|Any CPU.Build.0 = Release|Any CPU
		{EA4A04D7-B887-427C-B02F-C7802AA31DC8}.Debug|Any CPU.ActiveCfg = Debug|Any CPU
		{EA4A04D7-B887-427C-B02F-C7802AA31DC8}.Debug|Any CPU.Build.0 = Debug|Any CPU
		{EA4A04D7-B887-427C-B02F-C7802AA31DC8}.Release|Any CPU.ActiveCfg = Release|Any CPU
		{EA4A04D7-B887-427C-B02F-C7802AA31DC8}.Release|Any CPU.Build.0 = Release|Any CPU
		{2976DD32-58F9-4E0E-A0FD-D7C651BE7F62}.Debug|Any CPU.ActiveCfg = Debug|Any CPU
		{2976DD32-58F9-4E0E-A0FD-D7C651BE7F62}.Debug|Any CPU.Build.0 = Debug|Any CPU
		{2976DD32-58F9-4E0E-A0FD-D7C651BE7F62}.Release|Any CPU.ActiveCfg = Release|Any CPU
		{2976DD32-58F9-4E0E-A0FD-D7C651BE7F62}.Release|Any CPU.Build.0 = Release|Any CPU
		{326724C0-A910-4502-BA82-A829AD4EF98A}.Debug|Any CPU.ActiveCfg = Debug|Any CPU
		{326724C0-A910-4502-BA82-A829AD4EF98A}.Debug|Any CPU.Build.0 = Debug|Any CPU
		{326724C0-A910-4502-BA82-A829AD4EF98A}.Release|Any CPU.ActiveCfg = Release|Any CPU
		{326724C0-A910-4502-BA82-A829AD4EF98A}.Release|Any CPU.Build.0 = Release|Any CPU
		{C7816334-E374-450A-BF7C-411862C4B162}.Debug|Any CPU.ActiveCfg = Debug|Any CPU
		{C7816334-E374-450A-BF7C-411862C4B162}.Debug|Any CPU.Build.0 = Debug|Any CPU
		{C7816334-E374-450A-BF7C-411862C4B162}.Release|Any CPU.ActiveCfg = Release|Any CPU
		{C7816334-E374-450A-BF7C-411862C4B162}.Release|Any CPU.Build.0 = Release|Any CPU
	EndGlobalSection
	GlobalSection(SolutionProperties) = preSolution
		HideSolutionNode = FALSE
	EndGlobalSection
	GlobalSection(ExtensibilityGlobals) = postSolution
		SolutionGuid = {6E383159-34C9-4E4A-9C7E-0D085A7A2CD2}
	EndGlobalSection
EndGlobal
